
Microsoft Visual Studio Solution File, Format Version 12.00
# Visual Studio Version 16
VisualStudioVersion = 16.0.28803.202
MinimumVisualStudioVersion = 10.0.40219.1
Project("{FAE04EC0-301F-11D3-BF4B-00C04F79EFBC}") = "Spawn.InputOverlay", "Spawn.InputOverlay\Spawn.InputOverlay.csproj", "{D688ACEA-4519-4D4A-BB9E-B3D165857070}"
EndProject
Global
	GlobalSection(SolutionConfigurationPlatforms) = preSolution
		Debug|Any CPU = Debug|Any CPU
		Release|Any CPU = Release|Any CPU
	EndGlobalSection
	GlobalSection(ProjectConfigurationPlatforms) = postSolution
		{D688ACEA-4519-4D4A-BB9E-B3D165857070}.Debug|Any CPU.ActiveCfg = Debug|Any CPU
		{D688ACEA-4519-4D4A-BB9E-B3D165857070}.Debug|Any CPU.Build.0 = Debug|Any CPU
		{D688ACEA-4519-4D4A-BB9E-B3D165857070}.Release|Any CPU.ActiveCfg = Release|Any CPU
		{D688ACEA-4519-4D4A-BB9E-B3D165857070}.Release|Any CPU.Build.0 = Release|Any CPU
	EndGlobalSection
	GlobalSection(SolutionProperties) = preSolution
		HideSolutionNode = FALSE
	EndGlobalSection
	GlobalSection(ExtensibilityGlobals) = postSolution
		SolutionGuid = {1CE80B9C-3BF8-4C4C-B4D9-E8B027228675}
	EndGlobalSection
EndGlobal
